
Microsoft Visual Studio Solution File, Format Version 12.00
# Visual Studio 15
VisualStudioVersion = 15.0.26730.8
MinimumVisualStudioVersion = 10.0.40219.1
Project("{FAE04EC0-301F-11D3-BF4B-00C04F79EFBC}") = "NumberToWordsApplication", "NumberToWordsApplication\NumberToWordsApplication.csproj", "{79F2AC43-9CB8-4A80-A465-7D1F8D9D82EC}"
EndProject
Project("{FAE04EC0-301F-11D3-BF4B-00C04F79EFBC}") = "NumberToWordsApplication.Tests", "NumberToWordsApplication.Tests\NumberToWordsApplication.Tests.csproj", "{A94EC9FA-E4C9-47E5-84EB-CAFA4C8790A8}"
EndProject
Global
	GlobalSection(SolutionConfigurationPlatforms) = preSolution
		Debug|Any CPU = Debug|Any CPU
		Release|Any CPU = Release|Any CPU
	EndGlobalSection
	GlobalSection(ProjectConfigurationPlatforms) = postSolution
		{79F2AC43-9CB8-4A80-A465-7D1F8D9D82EC}.Debug|Any CPU.ActiveCfg = Debug|Any CPU
		{79F2AC43-9CB8-4A80-A465-7D1F8D9D82EC}.Debug|Any CPU.Build.0 = Debug|Any CPU
		{79F2AC43-9CB8-4A80-A465-7D1F8D9D82EC}.Release|Any CPU.ActiveCfg = Release|Any CPU
		{79F2AC43-9CB8-4A80-A465-7D1F8D9D82EC}.Release|Any CPU.Build.0 = Release|Any CPU
		{A94EC9FA-E4C9-47E5-84EB-CAFA4C8790A8}.Debug|Any CPU.ActiveCfg = Debug|Any CPU
		{A94EC9FA-E4C9-47E5-84EB-CAFA4C8790A8}.Debug|Any CPU.Build.0 = Debug|Any CPU
		{A94EC9FA-E4C9-47E5-84EB-CAFA4C8790A8}.Release|Any CPU.ActiveCfg = Release|Any CPU
		{A94EC9FA-E4C9-47E5-84EB-CAFA4C8790A8}.Release|Any CPU.Build.0 = Release|Any CPU
	EndGlobalSection
	GlobalSection(SolutionProperties) = preSolution
		HideSolutionNode = FALSE
	EndGlobalSection
	GlobalSection(ExtensibilityGlobals) = postSolution
		SolutionGuid = {1DB3D66E-8350-429C-B134-782967B0F1F1}
	EndGlobalSection
EndGlobal
